
Microsoft Visual Studio Solution File, Format Version 12.00
# Visual Studio Version 16
VisualStudioVersion = 16.0.30517.126
MinimumVisualStudioVersion = 10.0.40219.1
Project("{9A19103F-16F7-4668-BE54-9A1E7A4F7556}") = "Promotion.API", "Promotions\Promotion.API.csproj", "{3B43A32A-16F2-4774-93F8-4FF01E6C0823}"
EndProject
Project("{9A19103F-16F7-4668-BE54-9A1E7A4F7556}") = "Promotion.Utils", "Logger\Promotion.Utils.csproj", "{DA6BE47B-6088-4077-82D0-D14B53D8952E}"
EndProject
Project("{2150E333-8FDC-42A3-9474-1A3956D46DE8}") = "Src", "Src", "{29000BEF-1A31-4BDC-BE33-9BEA329ED444}"
EndProject
Project("{9A19103F-16F7-4668-BE54-9A1E7A4F7556}") = "Propmotions.Core", "Propmotions.Core\Propmotions.Core.csproj", "{FF12121F-4414-4861-B345-17FC99AE4042}"
EndProject
Project("{9A19103F-16F7-4668-BE54-9A1E7A4F7556}") = "Promotions.Infra", "Promotions.Infra\Promotions.Infra.csproj", "{0B8BE1BA-5815-44B9-A086-564BD608ACE1}"
EndProject
Global
	GlobalSection(SolutionConfigurationPlatforms) = preSolution
		Debug|Any CPU = Debug|Any CPU
		Release|Any CPU = Release|Any CPU
	EndGlobalSection
	GlobalSection(ProjectConfigurationPlatforms) = postSolution
		{3B43A32A-16F2-4774-93F8-4FF01E6C0823}.Debug|Any CPU.ActiveCfg = Debug|Any CPU
		{3B43A32A-16F2-4774-93F8-4FF01E6C0823}.Debug|Any CPU.Build.0 = Debug|Any CPU
		{3B43A32A-16F2-4774-93F8-4FF01E6C0823}.Release|Any CPU.ActiveCfg = Release|Any CPU
		{3B43A32A-16F2-4774-93F8-4FF01E6C0823}.Release|Any CPU.Build.0 = Release|Any CPU
		{DA6BE47B-6088-4077-82D0-D14B53D8952E}.Debug|Any CPU.ActiveCfg = Debug|Any CPU
		{DA6BE47B-6088-4077-82D0-D14B53D8952E}.Debug|Any CPU.Build.0 = Debug|Any CPU
		{DA6BE47B-6088-4077-82D0-D14B53D8952E}.Release|Any CPU.ActiveCfg = Release|Any CPU
		{DA6BE47B-6088-4077-82D0-D14B53D8952E}.Release|Any CPU.Build.0 = Release|Any CPU
		{FF12121F-4414-4861-B345-17FC99AE4042}.Debug|Any CPU.ActiveCfg = Debug|Any CPU
		{FF12121F-4414-4861-B345-17FC99AE4042}.Debug|Any CPU.Build.0 = Debug|Any CPU
		{FF12121F-4414-4861-B345-17FC99AE4042}.Release|Any CPU.ActiveCfg = Release|Any CPU
		{FF12121F-4414-4861-B345-17FC99AE4042}.Release|Any CPU.Build.0 = Release|Any CPU
		{0B8BE1BA-5815-44B9-A086-564BD608ACE1}.Debug|Any CPU.ActiveCfg = Debug|Any CPU
		{0B8BE1BA-5815-44B9-A086-564BD608ACE1}.Debug|Any CPU.Build.0 = Debug|Any CPU
		{0B8BE1BA-5815-44B9-A086-564BD608ACE1}.Release|Any CPU.ActiveCfg = Release|Any CPU
		{0B8BE1BA-5815-44B9-A086-564BD608ACE1}.Release|Any CPU.Build.0 = Release|Any CPU
	EndGlobalSection
	GlobalSection(SolutionProperties) = preSolution
		HideSolutionNode = FALSE
	EndGlobalSection
	GlobalSection(NestedProjects) = preSolution
		{3B43A32A-16F2-4774-93F8-4FF01E6C0823} = {29000BEF-1A31-4BDC-BE33-9BEA329ED444}
		{DA6BE47B-6088-4077-82D0-D14B53D8952E} = {29000BEF-1A31-4BDC-BE33-9BEA329ED444}
		{FF12121F-4414-4861-B345-17FC99AE4042} = {29000BEF-1A31-4BDC-BE33-9BEA329ED444}
		{0B8BE1BA-5815-44B9-A086-564BD608ACE1} = {29000BEF-1A31-4BDC-BE33-9BEA329ED444}
	EndGlobalSection
	GlobalSection(ExtensibilityGlobals) = postSolution
		SolutionGuid = {6C851736-E71B-44D5-A10D-F69D23B721F0}
	EndGlobalSection
EndGlobal
